
Microsoft Visual Studio Solution File, Format Version 12.00
# Visual Studio 15
Project("{FAE04EC0-301F-11D3-BF4B-00C04F79EFBC}") = "Assembly-CSharp", "Assembly-CSharp.csproj", "{6287BEF0-7CF4-BF9F-814C-A803E2206BB8}"
EndProject
Project("{FAE04EC0-301F-11D3-BF4B-00C04F79EFBC}") = "SimpleInput.Runtime", "SimpleInput.Runtime.csproj", "{B09CBF77-B8D7-3098-2DBE-74169C11DEF1}"
EndProject
Project("{FAE04EC0-301F-11D3-BF4B-00C04F79EFBC}") = "Assembly-CSharp-Editor", "Assembly-CSharp-Editor.csproj", "{F00410D4-144D-8EE3-CDD2-CFB1D4BBB3F0}"
EndProject
Project("{FAE04EC0-301F-11D3-BF4B-00C04F79EFBC}") = "ESave", "ESave.csproj", "{781A0958-C552-62BB-9CBC-A70D0512105D}"
EndProject
Project("{FAE04EC0-301F-11D3-BF4B-00C04F79EFBC}") = "SimpleInput.Editor", "SimpleInput.Editor.csproj", "{2E17D6D6-98B5-86DF-2C80-0D54523E84D2}"
EndProject
Project("{FAE04EC0-301F-11D3-BF4B-00C04F79EFBC}") = "UMotionSourceApplication", "UMotionSourceApplication.csproj", "{F8C4B7FE-350B-6382-BD5F-0E55D892D834}"
EndProject
Project("{FAE04EC0-301F-11D3-BF4B-00C04F79EFBC}") = "UMotionSourceEditor", "UMotionSourceEditor.csproj", "{6B7A4898-8F11-2DEE-705B-B3A706B694AC}"
EndProject
Project("{FAE04EC0-301F-11D3-BF4B-00C04F79EFBC}") = "AimingRig", "AimingRig.csproj", "{9F1566EC-A697-1B8B-DE03-549C8D63A656}"
EndProject
Global
	GlobalSection(SolutionConfigurationPlatforms) = preSolution
		Debug|Any CPU = Debug|Any CPU
		Release|Any CPU = Release|Any CPU
	EndGlobalSection
	GlobalSection(ProjectConfigurationPlatforms) = postSolution
		{6287BEF0-7CF4-BF9F-814C-A803E2206BB8}.Debug|Any CPU.ActiveCfg = Debug|Any CPU
		{6287BEF0-7CF4-BF9F-814C-A803E2206BB8}.Debug|Any CPU.Build.0 = Debug|Any CPU
		{6287BEF0-7CF4-BF9F-814C-A803E2206BB8}.Release|Any CPU.ActiveCfg = Release|Any CPU
		{6287BEF0-7CF4-BF9F-814C-A803E2206BB8}.Release|Any CPU.Build.0 = Release|Any CPU
		{B09CBF77-B8D7-3098-2DBE-74169C11DEF1}.Debug|Any CPU.ActiveCfg = Debug|Any CPU
		{B09CBF77-B8D7-3098-2DBE-74169C11DEF1}.Debug|Any CPU.Build.0 = Debug|Any CPU
		{B09CBF77-B8D7-3098-2DBE-74169C11DEF1}.Release|Any CPU.ActiveCfg = Release|Any CPU
		{B09CBF77-B8D7-3098-2DBE-74169C11DEF1}.Release|Any CPU.Build.0 = Release|Any CPU
		{F00410D4-144D-8EE3-CDD2-CFB1D4BBB3F0}.Debug|Any CPU.ActiveCfg = Debug|Any CPU
		{F00410D4-144D-8EE3-CDD2-CFB1D4BBB3F0}.Debug|Any CPU.Build.0 = Debug|Any CPU
		{F00410D4-144D-8EE3-CDD2-CFB1D4BBB3F0}.Release|Any CPU.ActiveCfg = Release|Any CPU
		{F00410D4-144D-8EE3-CDD2-CFB1D4BBB3F0}.Release|Any CPU.Build.0 = Release|Any CPU
		{781A0958-C552-62BB-9CBC-A70D0512105D}.Debug|Any CPU.ActiveCfg = Debug|Any CPU
		{781A0958-C552-62BB-9CBC-A70D0512105D}.Debug|Any CPU.Build.0 = Debug|Any CPU
		{781A0958-C552-62BB-9CBC-A70D0512105D}.Release|Any CPU.ActiveCfg = Release|Any CPU
		{781A0958-C552-62BB-9CBC-A70D0512105D}.Release|Any CPU.Build.0 = Release|Any CPU
		{2E17D6D6-98B5-86DF-2C80-0D54523E84D2}.Debug|Any CPU.ActiveCfg = Debug|Any CPU
		{2E17D6D6-98B5-86DF-2C80-0D54523E84D2}.Debug|Any CPU.Build.0 = Debug|Any CPU
		{2E17D6D6-98B5-86DF-2C80-0D54523E84D2}.Release|Any CPU.ActiveCfg = Release|Any CPU
		{2E17D6D6-98B5-86DF-2C80-0D54523E84D2}.Release|Any CPU.Build.0 = Release|Any CPU
		{F8C4B7FE-350B-6382-BD5F-0E55D892D834}.Debug|Any CPU.ActiveCfg = Debug|Any CPU
		{F8C4B7FE-350B-6382-BD5F-0E55D892D834}.Debug|Any CPU.Build.0 = Debug|Any CPU
		{F8C4B7FE-350B-6382-BD5F-0E55D892D834}.Release|Any CPU.ActiveCfg = Release|Any CPU
		{F8C4B7FE-350B-6382-BD5F-0E55D892D834}.Release|Any CPU.Build.0 = Release|Any CPU
		{6B7A4898-8F11-2DEE-705B-B3A706B694AC}.Debug|Any CPU.ActiveCfg = Debug|Any CPU
		{6B7A4898-8F11-2DEE-705B-B3A706B694AC}.Debug|Any CPU.Build.0 = Debug|Any CPU
		{6B7A4898-8F11-2DEE-705B-B3A706B694AC}.Release|Any CPU.ActiveCfg = Release|Any CPU
		{6B7A4898-8F11-2DEE-705B-B3A706B694AC}.Release|Any CPU.Build.0 = Release|Any CPU
		{9F1566EC-A697-1B8B-DE03-549C8D63A656}.Debug|Any CPU.ActiveCfg = Debug|Any CPU
		{9F1566EC-A697-1B8B-DE03-549C8D63A656}.Debug|Any CPU.Build.0 = Debug|Any CPU
		{9F1566EC-A697-1B8B-DE03-549C8D63A656}.Release|Any CPU.ActiveCfg = Release|Any CPU
		{9F1566EC-A697-1B8B-DE03-549C8D63A656}.Release|Any CPU.Build.0 = Release|Any CPU
	EndGlobalSection
	GlobalSection(SolutionProperties) = preSolution
		HideSolutionNode = FALSE
	EndGlobalSection
EndGlobal
